<?xml version="1.0" encoding="utf-8"?>
<Project ToolsVersion="4.0" xmlns="http://schemas.microsoft.com/developer/msbuild/2003">
  <ItemGroup>
    <ClCompile Include="src\main.cpp">
      <Filter>src</Filter>
    </ClCompile>
    <ClCompile Include="..\..\..\..\..\of_v0.9.8_vs_release\addons\ofxGui\src\ofxBaseGui.cpp">
      <Filter>addons\ofxGui\src</Filter>
    </ClCompile>
    <ClCompile Include="..\..\..\..\..\of_v0.9.8_vs_release\addons\ofxGui\src\ofxButton.cpp">
      <Filter>addons\ofxGui\src</Filter>
    </ClCompile>
    <ClCompile Include="..\..\..\..\..\of_v0.9.8_vs_release\addons\ofxGui\src\ofxGuiGroup.cpp">
      <Filter>addons\ofxGui\src</Filter>
    </ClCompile>
    <ClCompile Include="..\..\..\..\..\of_v0.9.8_vs_release\addons\ofxGui\src\ofxLabel.cpp">
      <Filter>addons\ofxGui\src</Filter>
    </ClCompile>
    <ClCompile Include="..\..\..\..\..\of_v0.9.8_vs_release\addons\ofxGui\src\ofxPanel.cpp">
      <Filter>addons\ofxGui\src</Filter>
    </ClCompile>
    <ClCompile Include="..\..\..\..\..\of_v0.9.8_vs_release\addons\ofxGui\src\ofxSlider.cpp">
      <Filter>addons\ofxGui\src</Filter>
    </ClCompile>
    <ClCompile Include="..\..\..\..\..\of_v0.9.8_vs_release\addons\ofxGui\src\ofxSliderGroup.cpp">
      <Filter>addons\ofxGui\src</Filter>
    </ClCompile>
    <ClCompile Include="..\..\..\..\..\of_v0.9.8_vs_release\addons\ofxGui\src\ofxToggle.cpp">
      <Filter>addons\ofxGui\src</Filter>
    </ClCompile>
    <ClCompile Include="src\ofAppMain.cpp">
      <Filter>src</Filter>
    </ClCompile>
    <ClCompile Include="src\tcAdsClient.cpp">
      <Filter>src</Filter>
    </ClCompile>
    <ClCompile Include="..\..\..\..\..\of_v0.9.8_vs_release\addons\ofxXmlSettings\src\ofxXmlSettings.cpp">
      <Filter>addons\ofxXmlSettings\src</Filter>
    </ClCompile>
    <ClCompile Include="..\..\..\..\..\of_v0.9.8_vs_release\addons\ofxXmlSettings\libs\tinyxml.cpp">
      <Filter>addons\ofxXmlSettings\libs</Filter>
    </ClCompile>
    <ClCompile Include="..\..\..\..\..\of_v0.9.8_vs_release\addons\ofxXmlSettings\libs\tinyxmlerror.cpp">
      <Filter>addons\ofxXmlSettings\libs</Filter>
    </ClCompile>
    <ClCompile Include="..\..\..\..\..\of_v0.9.8_vs_release\addons\ofxXmlSettings\libs\tinyxmlparser.cpp">
      <Filter>addons\ofxXmlSettings\libs</Filter>
    </ClCompile>
    <ClCompile Include="src\ofDisplayApp.cpp" />
    <ClCompile Include="..\..\..\..\..\of_v0.9.8_vs_release\addons\ofxGuiExtended\src\ofxGuiElement.cpp">
      <Filter>addons\ofxGuiExtended\src</Filter>
    </ClCompile>
    <ClCompile Include="..\..\..\..\..\of_v0.9.8_vs_release\addons\ofxGuiExtended\src\ofxGuiExtended.cpp">
      <Filter>addons\ofxGuiExtended\src</Filter>
    </ClCompile>
    <ClCompile Include="..\..\..\..\..\of_v0.9.8_vs_release\addons\ofxGuiExtended\src\containers\ofxGuiContainer.cpp">
      <Filter>addons\ofxGuiExtended\src\containers</Filter>
    </ClCompile>
    <ClCompile Include="..\..\..\..\..\of_v0.9.8_vs_release\addons\ofxGuiExtended\src\containers\ofxGuiGroup.cpp">
      <Filter>addons\ofxGuiExtended\src\containers</Filter>
    </ClCompile>
    <ClCompile Include="..\..\..\..\..\of_v0.9.8_vs_release\addons\ofxGuiExtended\src\containers\ofxGuiPanel.cpp">
      <Filter>addons\ofxGuiExtended\src\containers</Filter>
    </ClCompile>
    <ClCompile Include="..\..\..\..\..\of_v0.9.8_vs_release\addons\ofxGuiExtended\src\containers\ofxGuiSliderGroup.cpp">
      <Filter>addons\ofxGuiExtended\src\containers</Filter>
    </ClCompile>
    <ClCompile Include="..\..\..\..\..\of_v0.9.8_vs_release\addons\ofxGuiExtended\src\containers\ofxGuiTabs.cpp">
      <Filter>addons\ofxGuiExtended\src\containers</Filter>
    </ClCompile>
    <ClCompile Include="..\..\..\..\..\of_v0.9.8_vs_release\addons\ofxGuiExtended\src\controls\ofxGuiButton.cpp">
      <Filter>addons\ofxGuiExtended\src\controls</Filter>
    </ClCompile>
    <ClCompile Include="..\..\..\..\..\of_v0.9.8_vs_release\addons\ofxGuiExtended\src\controls\ofxGuiFpsPlotter.cpp">
      <Filter>addons\ofxGuiExtended\src\controls</Filter>
    </ClCompile>
    <ClCompile Include="..\..\..\..\..\of_v0.9.8_vs_release\addons\ofxGuiExtended\src\controls\ofxGuiFunctionPlotter.cpp">
      <Filter>addons\ofxGuiExtended\src\controls</Filter>
    </ClCompile>
    <ClCompile Include="..\..\..\..\..\of_v0.9.8_vs_release\addons\ofxGuiExtended\src\controls\ofxGuiGraphics.cpp">
      <Filter>addons\ofxGuiExtended\src\controls</Filter>
    </ClCompile>
    <ClCompile Include="..\..\..\..\..\of_v0.9.8_vs_release\addons\ofxGuiExtended\src\controls\ofxGuiInputField.cpp">
      <Filter>addons\ofxGuiExtended\src\controls</Filter>
    </ClCompile>
    <ClCompile Include="..\..\..\..\..\of_v0.9.8_vs_release\addons\ofxGuiExtended\src\controls\ofxGuiLabel.cpp">
      <Filter>addons\ofxGuiExtended\src\controls</Filter>
    </ClCompile>
    <ClCompile Include="..\..\..\..\..\of_v0.9.8_vs_release\addons\ofxGuiExtended\src\controls\ofxGuiSlider.cpp">
      <Filter>addons\ofxGuiExtended\src\controls</Filter>
    </ClCompile>
    <ClCompile Include="..\..\..\..\..\of_v0.9.8_vs_release\addons\ofxGuiExtended\src\controls\ofxGuiToggle.cpp">
      <Filter>addons\ofxGuiExtended\src\controls</Filter>
    </ClCompile>
    <ClCompile Include="..\..\..\..\..\of_v0.9.8_vs_release\addons\ofxGuiExtended\src\controls\ofxGuiValuePlotter.cpp">
      <Filter>addons\ofxGuiExtended\src\controls</Filter>
    </ClCompile>
    <ClCompile Include="..\..\..\..\..\of_v0.9.8_vs_release\addons\ofxGuiExtended\src\controls\ofxGuiZoomableGraphics.cpp">
      <Filter>addons\ofxGuiExtended\src\controls</Filter>
    </ClCompile>
    <ClCompile Include="..\..\..\..\..\of_v0.9.8_vs_release\addons\ofxGuiExtended\src\DOM\Document.cpp">
      <Filter>addons\ofxGuiExtended\src\DOM</Filter>
    </ClCompile>
    <ClCompile Include="..\..\..\..\..\of_v0.9.8_vs_release\addons\ofxGuiExtended\src\DOM\Element.cpp">
      <Filter>addons\ofxGuiExtended\src\DOM</Filter>
    </ClCompile>
    <ClCompile Include="..\..\..\..\..\of_v0.9.8_vs_release\addons\ofxGuiExtended\src\DOM\Events.cpp">
      <Filter>addons\ofxGuiExtended\src\DOM</Filter>
    </ClCompile>
    <ClCompile Include="..\..\..\..\..\of_v0.9.8_vs_release\addons\ofxGuiExtended\src\DOM\Exceptions.cpp">
      <Filter>addons\ofxGuiExtended\src\DOM</Filter>
    </ClCompile>
    <ClCompile Include="..\..\..\..\..\of_v0.9.8_vs_release\addons\ofxGuiExtended\src\DOM\Layout.cpp">
      <Filter>addons\ofxGuiExtended\src\DOM</Filter>
    </ClCompile>
    <ClCompile Include="..\..\..\..\..\of_v0.9.8_vs_release\addons\ofxGuiExtended\src\view\JsonConfigParser.cpp">
      <Filter>addons\ofxGuiExtended\src\view</Filter>
    </ClCompile>
    <ClCompile Include="..\..\..\..\..\of_v0.9.8_vs_release\addons\ofxGuiExtended\src\view\ofxDOMBoxLayout.cpp">
      <Filter>addons\ofxGuiExtended\src\view</Filter>
    </ClCompile>
    <ClCompile Include="..\..\..\..\..\of_v0.9.8_vs_release\addons\ofxGuiExtended\src\view\ofxDOMFlexBoxLayout.cpp">
      <Filter>addons\ofxGuiExtended\src\view</Filter>
    </ClCompile>
    <ClCompile Include="..\..\..\..\..\of_v0.9.8_vs_release\addons\ofxGuiExtended\src\view\ofxDOMLayoutHelper.cpp">
      <Filter>addons\ofxGuiExtended\src\view</Filter>
    </ClCompile>
  </ItemGroup>
  <ItemGroup>
    <Filter Include="src">
      <UniqueIdentifier>{d8376475-7454-4a24-b08a-aac121d3ad6f}</UniqueIdentifier>
    </Filter>
    <Filter Include="addons">
      <UniqueIdentifier>{2e9ebba3-f9c8-4942-83db-7521339211ce}</UniqueIdentifier>
    </Filter>
    <Filter Include="addons\ofxGui">
      <UniqueIdentifier>{930f24d3-aa0f-42dc-a213-b54ad034d2be}</UniqueIdentifier>
    </Filter>
    <Filter Include="addons\ofxGui\src">
      <UniqueIdentifier>{fe80aa24-c06e-4f1a-8aa0-381f1eddd88c}</UniqueIdentifier>
    </Filter>
    <Filter Include="addons\ofxXmlSettings">
      <UniqueIdentifier>{05510fe3-c165-4136-b845-0457c22092c2}</UniqueIdentifier>
    </Filter>
    <Filter Include="addons\ofxXmlSettings\src">
      <UniqueIdentifier>{8fcf01b6-654b-4eb2-9673-6177130e5ff3}</UniqueIdentifier>
    </Filter>
    <Filter Include="addons\ofxXmlSettings\libs">
      <UniqueIdentifier>{e8b4997d-b156-4930-a4b6-0267b8f03080}</UniqueIdentifier>
    </Filter>
    <Filter Include="addons\ofxGuiExtended">
      <UniqueIdentifier>{c6986391-4694-40f5-b5c8-4385f74437f9}</UniqueIdentifier>
    </Filter>
    <Filter Include="addons\ofxGuiExtended\src">
      <UniqueIdentifier>{e1182317-0cd4-4ebb-aabe-7d16a4a771a3}</UniqueIdentifier>
    </Filter>
    <Filter Include="addons\ofxGuiExtended\src\containers">
      <UniqueIdentifier>{7ad7b113-2f5b-4598-a0c3-3e58785cba84}</UniqueIdentifier>
    </Filter>
    <Filter Include="addons\ofxGuiExtended\src\controls">
      <UniqueIdentifier>{b9947a7d-ff44-4cb6-be2b-68eb146aeddf}</UniqueIdentifier>
    </Filter>
    <Filter Include="addons\ofxGuiExtended\src\DOM">
      <UniqueIdentifier>{9983a135-78aa-4263-85e0-70e6ab99b65b}</UniqueIdentifier>
    </Filter>
    <Filter Include="addons\ofxGuiExtended\src\util">
      <UniqueIdentifier>{516304df-0433-4e4b-b89a-1c26db89b0f8}</UniqueIdentifier>
    </Filter>
    <Filter Include="addons\ofxGuiExtended\src\view">
      <UniqueIdentifier>{b34f08b1-1be3-44fe-9e2f-fc79023c4e99}</UniqueIdentifier>
    </Filter>
  </ItemGroup>
  <ItemGroup>
    <ClInclude Include="..\..\..\..\..\of_v0.9.8_vs_release\addons\ofxGui\src\ofxBaseGui.h">
      <Filter>addons\ofxGui\src</Filter>
    </ClInclude>
    <ClInclude Include="..\..\..\..\..\of_v0.9.8_vs_release\addons\ofxGui\src\ofxButton.h">
      <Filter>addons\ofxGui\src</Filter>
    </ClInclude>
    <ClInclude Include="..\..\..\..\..\of_v0.9.8_vs_release\addons\ofxGui\src\ofxGui.h">
      <Filter>addons\ofxGui\src</Filter>
    </ClInclude>
    <ClInclude Include="..\..\..\..\..\of_v0.9.8_vs_release\addons\ofxGui\src\ofxGuiGroup.h">
      <Filter>addons\ofxGui\src</Filter>
    </ClInclude>
    <ClInclude Include="..\..\..\..\..\of_v0.9.8_vs_release\addons\ofxGui\src\ofxLabel.h">
      <Filter>addons\ofxGui\src</Filter>
    </ClInclude>
    <ClInclude Include="..\..\..\..\..\of_v0.9.8_vs_release\addons\ofxGui\src\ofxPanel.h">
      <Filter>addons\ofxGui\src</Filter>
    </ClInclude>
    <ClInclude Include="..\..\..\..\..\of_v0.9.8_vs_release\addons\ofxGui\src\ofxSlider.h">
      <Filter>addons\ofxGui\src</Filter>
    </ClInclude>
    <ClInclude Include="..\..\..\..\..\of_v0.9.8_vs_release\addons\ofxGui\src\ofxSliderGroup.h">
      <Filter>addons\ofxGui\src</Filter>
    </ClInclude>
    <ClInclude Include="..\..\..\..\..\of_v0.9.8_vs_release\addons\ofxGui\src\ofxToggle.h">
      <Filter>addons\ofxGui\src</Filter>
    </ClInclude>
    <ClInclude Include="src\ofAppMain.h">
      <Filter>src</Filter>
    </ClInclude>
    <ClInclude Include="src\tcAdsClient.h">
      <Filter>src</Filter>
    </ClInclude>
    <ClInclude Include="..\..\..\..\..\of_v0.9.8_vs_release\addons\ofxXmlSettings\src\ofxXmlSettings.h">
      <Filter>addons\ofxXmlSettings\src</Filter>
    </ClInclude>
    <ClInclude Include="..\..\..\..\..\of_v0.9.8_vs_release\addons\ofxXmlSettings\libs\tinyxml.h">
      <Filter>addons\ofxXmlSettings\libs</Filter>
    </ClInclude>
    <ClInclude Include="src\ofDisplayApp.h" />
    <ClInclude Include="..\..\..\..\..\of_v0.9.8_vs_release\addons\ofxGuiExtended\src\ofxGuiElement.h">
      <Filter>addons\ofxGuiExtended\src</Filter>
    </ClInclude>
    <ClInclude Include="..\..\..\..\..\of_v0.9.8_vs_release\addons\ofxGuiExtended\src\ofxGuiExtended.h">
      <Filter>addons\ofxGuiExtended\src</Filter>
    </ClInclude>
    <ClInclude Include="..\..\..\..\..\of_v0.9.8_vs_release\addons\ofxGuiExtended\src\containers\ofxGuiContainer.h">
      <Filter>addons\ofxGuiExtended\src\containers</Filter>
    </ClInclude>
    <ClInclude Include="..\..\..\..\..\of_v0.9.8_vs_release\addons\ofxGuiExtended\src\containers\ofxGuiGroup.h">
      <Filter>addons\ofxGuiExtended\src\containers</Filter>
    </ClInclude>
    <ClInclude Include="..\..\..\..\..\of_v0.9.8_vs_release\addons\ofxGuiExtended\src\containers\ofxGuiPanel.h">
      <Filter>addons\ofxGuiExtended\src\containers</Filter>
    </ClInclude>
    <ClInclude Include="..\..\..\..\..\of_v0.9.8_vs_release\addons\ofxGuiExtended\src\containers\ofxGuiSliderGroup.h">
      <Filter>addons\ofxGuiExtended\src\containers</Filter>
    </ClInclude>
    <ClInclude Include="..\..\..\..\..\of_v0.9.8_vs_release\addons\ofxGuiExtended\src\containers\ofxGuiTabs.h">
      <Filter>addons\ofxGuiExtended\src\containers</Filter>
    </ClInclude>
    <ClInclude Include="..\..\..\..\..\of_v0.9.8_vs_release\addons\ofxGuiExtended\src\controls\ofxGuiButton.h">
      <Filter>addons\ofxGuiExtended\src\controls</Filter>
    </ClInclude>
    <ClInclude Include="..\..\..\..\..\of_v0.9.8_vs_release\addons\ofxGuiExtended\src\controls\ofxGuiFpsPlotter.h">
      <Filter>addons\ofxGuiExtended\src\controls</Filter>
    </ClInclude>
    <ClInclude Include="..\..\..\..\..\of_v0.9.8_vs_release\addons\ofxGuiExtended\src\controls\ofxGuiFunctionPlotter.h">
      <Filter>addons\ofxGuiExtended\src\controls</Filter>
    </ClInclude>
    <ClInclude Include="..\..\..\..\..\of_v0.9.8_vs_release\addons\ofxGuiExtended\src\controls\ofxGuiGraphics.h">
      <Filter>addons\ofxGuiExtended\src\controls</Filter>
    </ClInclude>
    <ClInclude Include="..\..\..\..\..\of_v0.9.8_vs_release\addons\ofxGuiExtended\src\controls\ofxGuiInputField.h">
      <Filter>addons\ofxGuiExtended\src\controls</Filter>
    </ClInclude>
    <ClInclude Include="..\..\..\..\..\of_v0.9.8_vs_release\addons\ofxGuiExtended\src\controls\ofxGuiLabel.h">
      <Filter>addons\ofxGuiExtended\src\controls</Filter>
    </ClInclude>
    <ClInclude Include="..\..\..\..\..\of_v0.9.8_vs_release\addons\ofxGuiExtended\src\controls\ofxGuiSlider.h">
      <Filter>addons\ofxGuiExtended\src\controls</Filter>
    </ClInclude>
    <ClInclude Include="..\..\..\..\..\of_v0.9.8_vs_release\addons\ofxGuiExtended\src\controls\ofxGuiToggle.h">
      <Filter>addons\ofxGuiExtended\src\controls</Filter>
    </ClInclude>
    <ClInclude Include="..\..\..\..\..\of_v0.9.8_vs_release\addons\ofxGuiExtended\src\controls\ofxGuiValuePlotter.h">
      <Filter>addons\ofxGuiExtended\src\controls</Filter>
    </ClInclude>
    <ClInclude Include="..\..\..\..\..\of_v0.9.8_vs_release\addons\ofxGuiExtended\src\controls\ofxGuiZoomableGraphics.h">
      <Filter>addons\ofxGuiExtended\src\controls</Filter>
    </ClInclude>
    <ClInclude Include="..\..\..\..\..\of_v0.9.8_vs_release\addons\ofxGuiExtended\src\DOM\Document.h">
      <Filter>addons\ofxGuiExtended\src\DOM</Filter>
    </ClInclude>
    <ClInclude Include="..\..\..\..\..\of_v0.9.8_vs_release\addons\ofxGuiExtended\src\DOM\Element.h">
      <Filter>addons\ofxGuiExtended\src\DOM</Filter>
    </ClInclude>
    <ClInclude Include="..\..\..\..\..\of_v0.9.8_vs_release\addons\ofxGuiExtended\src\DOM\Events.h">
      <Filter>addons\ofxGuiExtended\src\DOM</Filter>
    </ClInclude>
    <ClInclude Include="..\..\..\..\..\of_v0.9.8_vs_release\addons\ofxGuiExtended\src\DOM\EventTarget.h">
      <Filter>addons\ofxGuiExtended\src\DOM</Filter>
    </ClInclude>
    <ClInclude Include="..\..\..\..\..\of_v0.9.8_vs_release\addons\ofxGuiExtended\src\DOM\Exceptions.h">
      <Filter>addons\ofxGuiExtended\src\DOM</Filter>
    </ClInclude>
    <ClInclude Include="..\..\..\..\..\of_v0.9.8_vs_release\addons\ofxGuiExtended\src\DOM\Layout.h">
      <Filter>addons\ofxGuiExtended\src\DOM</Filter>
    </ClInclude>
    <ClInclude Include="..\..\..\..\..\of_v0.9.8_vs_release\addons\ofxGuiExtended\src\DOM\ofxDOM.h">
      <Filter>addons\ofxGuiExtended\src\DOM</Filter>
    </ClInclude>
    <ClInclude Include="..\..\..\..\..\of_v0.9.8_vs_release\addons\ofxGuiExtended\src\DOM\Types.h">
      <Filter>addons\ofxGuiExtended\src\DOM</Filter>
    </ClInclude>
    <ClInclude Include="..\..\..\..\..\of_v0.9.8_vs_release\addons\ofxGuiExtended\src\util\IDGenerator.h">
      <Filter>addons\ofxGuiExtended\src\util</Filter>
    </ClInclude>
    <ClInclude Include="..\..\..\..\..\of_v0.9.8_vs_release\addons\ofxGuiExtended\src\view\JsonConfigParser.h">
      <Filter>addons\ofxGuiExtended\src\view</Filter>
    </ClInclude>
    <ClInclude Include="..\..\..\..\..\of_v0.9.8_vs_release\addons\ofxGuiExtended\src\view\ofxDOMBoxLayout.h">
      <Filter>addons\ofxGuiExtended\src\view</Filter>
    </ClInclude>
    <ClInclude Include="..\..\..\..\..\of_v0.9.8_vs_release\addons\ofxGuiExtended\src\view\ofxDOMFlexBoxLayout.h">
      <Filter>addons\ofxGuiExtended\src\view</Filter>
    </ClInclude>
    <ClInclude Include="..\..\..\..\..\of_v0.9.8_vs_release\addons\ofxGuiExtended\src\view\ofxDOMLayoutHelper.h">
      <Filter>addons\ofxGuiExtended\src\view</Filter>
    </ClInclude>
    <ClInclude Include="..\..\..\..\..\of_v0.9.8_vs_release\addons\ofxGuiExtended\src\view\ofxGuiDefaultConfig.h">
      <Filter>addons\ofxGuiExtended\src\view</Filter>
    </ClInclude>
  </ItemGroup>
  <ItemGroup>
    <ResourceCompile Include="icon.rc" />
  </ItemGroup>
</Project>